
Microsoft Visual Studio Solution File, Format Version 12.00
# Visual Studio Version 16
VisualStudioVersion = 16.0.28606.126
MinimumVisualStudioVersion = 10.0.40219.1
Project("{9A19103F-16F7-4668-BE54-9A1E7A4F7556}") = "BlendoBot", "BlendoBot\BlendoBot.csproj", "{51015127-BFD2-4525-B2C0-E83FC2AC2931}"
EndProject
Project("{9A19103F-16F7-4668-BE54-9A1E7A4F7556}") = "MrPing", "Modules\MrPing\MrPing.csproj", "{841A4C15-23BC-4433-9DF2-2FB114BAE789}"
EndProject
Project("{9A19103F-16F7-4668-BE54-9A1E7A4F7556}") = "BlendoBotLib", "BlendoBotLib\BlendoBotLib.csproj", "{01D849DE-AF80-4A47-B688-E70D62F510CF}"
EndProject
Project("{2150E333-8FDC-42A3-9474-1A3956D46DE8}") = "Modules", "Modules", "{3CCE0CD2-5174-42BB-B88C-F7F3AA098167}"
EndProject
Project("{9A19103F-16F7-4668-BE54-9A1E7A4F7556}") = "Roll", "Modules\Roll\Roll.csproj", "{B848600F-38F7-4099-9B09-83AEB4F4AF51}"
EndProject
Project("{9A19103F-16F7-4668-BE54-9A1E7A4F7556}") = "RegionalIndicator", "Modules\RegionalIndicator\RegionalIndicator.csproj", "{799F93F5-E785-41EE-80D0-DEB76D216A4C}"
EndProject
Project("{9A19103F-16F7-4668-BE54-9A1E7A4F7556}") = "Weather", "Modules\Weather\Weather.csproj", "{4302B8E4-5E12-4700-8C3F-E931CDA3CB53}"
EndProject
Project("{9A19103F-16F7-4668-BE54-9A1E7A4F7556}") = "RemindMe", "Modules\RemindMe\RemindMe.csproj", "{4D6AAA5D-4792-4F54-9471-2D2F2DABC0D5}"
EndProject
Project("{9A19103F-16F7-4668-BE54-9A1E7A4F7556}") = "CurrencyConverter", "Modules\CurrencyConverter\CurrencyConverter.csproj", "{4AC11669-134A-4EB3-BF95-F5262BE48C39}"
EndProject
Project("{9A19103F-16F7-4668-BE54-9A1E7A4F7556}") = "OverwatchLeague", "Modules\OverwatchLeague\OverwatchLeague.csproj", "{2E363065-BAAA-4710-99F4-9EB1450F5D1B}"
EndProject
Project("{2150E333-8FDC-42A3-9474-1A3956D46DE8}") = "Other Files", "Other Files", "{75F4EEF5-D256-4189-9E97-96F327305583}"
	ProjectSection(SolutionItems) = preProject
		.gitignore = .gitignore
		README.md = README.md
	EndProjectSection
EndProject
Project("{9A19103F-16F7-4668-BE54-9A1E7A4F7556}") = "UserTimeZone", "Modules\UserTimeZone\UserTimeZone.csproj", "{6E682D21-2E3D-41E2-BC41-0223173CA51C}"
EndProject
Project("{9A19103F-16F7-4668-BE54-9A1E7A4F7556}") = "AutoCorrect", "Modules\AutoCorrect\AutoCorrect.csproj", "{03E964B7-1589-4459-9002-2D40D52CC703}"
EndProject
Project("{9A19103F-16F7-4668-BE54-9A1E7A4F7556}") = "DecimalSpiral", "Modules\DecimalSpiral\DecimalSpiral.csproj", "{1D7D2F92-FC9D-4E0F-9868-1379515756BF}"
EndProject
Project("{FAE04EC0-301F-11D3-BF4B-00C04F79EFBC}") = "BlendoBotTCG", "Modules\BlendoBotTCG\BlendoBotTCG.csproj", "{A2721B20-56AD-45EF-A6EB-411216602996}"
	ProjectSection(ProjectDependencies) = postProject
		{01D849DE-AF80-4A47-B688-E70D62F510CF} = {01D849DE-AF80-4A47-B688-E70D62F510CF}
	EndProjectSection
EndProject
Global
	GlobalSection(SolutionConfigurationPlatforms) = preSolution
		Debug|Any CPU = Debug|Any CPU
		Release|Any CPU = Release|Any CPU
	EndGlobalSection
	GlobalSection(ProjectConfigurationPlatforms) = postSolution
		{51015127-BFD2-4525-B2C0-E83FC2AC2931}.Debug|Any CPU.ActiveCfg = Debug|Any CPU
		{51015127-BFD2-4525-B2C0-E83FC2AC2931}.Debug|Any CPU.Build.0 = Debug|Any CPU
		{51015127-BFD2-4525-B2C0-E83FC2AC2931}.Release|Any CPU.ActiveCfg = Release|Any CPU
		{51015127-BFD2-4525-B2C0-E83FC2AC2931}.Release|Any CPU.Build.0 = Release|Any CPU
		{841A4C15-23BC-4433-9DF2-2FB114BAE789}.Debug|Any CPU.ActiveCfg = Debug|Any CPU
		{841A4C15-23BC-4433-9DF2-2FB114BAE789}.Debug|Any CPU.Build.0 = Debug|Any CPU
		{841A4C15-23BC-4433-9DF2-2FB114BAE789}.Release|Any CPU.ActiveCfg = Release|Any CPU
		{841A4C15-23BC-4433-9DF2-2FB114BAE789}.Release|Any CPU.Build.0 = Release|Any CPU
		{01D849DE-AF80-4A47-B688-E70D62F510CF}.Debug|Any CPU.ActiveCfg = Debug|Any CPU
		{01D849DE-AF80-4A47-B688-E70D62F510CF}.Debug|Any CPU.Build.0 = Debug|Any CPU
		{01D849DE-AF80-4A47-B688-E70D62F510CF}.Release|Any CPU.ActiveCfg = Release|Any CPU
		{01D849DE-AF80-4A47-B688-E70D62F510CF}.Release|Any CPU.Build.0 = Release|Any CPU
		{B848600F-38F7-4099-9B09-83AEB4F4AF51}.Debug|Any CPU.ActiveCfg = Debug|Any CPU
		{B848600F-38F7-4099-9B09-83AEB4F4AF51}.Debug|Any CPU.Build.0 = Debug|Any CPU
		{B848600F-38F7-4099-9B09-83AEB4F4AF51}.Release|Any CPU.ActiveCfg = Release|Any CPU
		{B848600F-38F7-4099-9B09-83AEB4F4AF51}.Release|Any CPU.Build.0 = Release|Any CPU
		{799F93F5-E785-41EE-80D0-DEB76D216A4C}.Debug|Any CPU.ActiveCfg = Debug|Any CPU
		{799F93F5-E785-41EE-80D0-DEB76D216A4C}.Debug|Any CPU.Build.0 = Debug|Any CPU
		{799F93F5-E785-41EE-80D0-DEB76D216A4C}.Release|Any CPU.ActiveCfg = Release|Any CPU
		{799F93F5-E785-41EE-80D0-DEB76D216A4C}.Release|Any CPU.Build.0 = Release|Any CPU
		{4302B8E4-5E12-4700-8C3F-E931CDA3CB53}.Debug|Any CPU.ActiveCfg = Debug|Any CPU
		{4302B8E4-5E12-4700-8C3F-E931CDA3CB53}.Debug|Any CPU.Build.0 = Debug|Any CPU
		{4302B8E4-5E12-4700-8C3F-E931CDA3CB53}.Release|Any CPU.ActiveCfg = Release|Any CPU
		{4302B8E4-5E12-4700-8C3F-E931CDA3CB53}.Release|Any CPU.Build.0 = Release|Any CPU
		{4D6AAA5D-4792-4F54-9471-2D2F2DABC0D5}.Debug|Any CPU.ActiveCfg = Debug|Any CPU
		{4D6AAA5D-4792-4F54-9471-2D2F2DABC0D5}.Debug|Any CPU.Build.0 = Debug|Any CPU
		{4D6AAA5D-4792-4F54-9471-2D2F2DABC0D5}.Release|Any CPU.ActiveCfg = Release|Any CPU
		{4D6AAA5D-4792-4F54-9471-2D2F2DABC0D5}.Release|Any CPU.Build.0 = Release|Any CPU
		{4AC11669-134A-4EB3-BF95-F5262BE48C39}.Debug|Any CPU.ActiveCfg = Debug|Any CPU
		{4AC11669-134A-4EB3-BF95-F5262BE48C39}.Debug|Any CPU.Build.0 = Debug|Any CPU
		{4AC11669-134A-4EB3-BF95-F5262BE48C39}.Release|Any CPU.ActiveCfg = Release|Any CPU
		{4AC11669-134A-4EB3-BF95-F5262BE48C39}.Release|Any CPU.Build.0 = Release|Any CPU
		{2E363065-BAAA-4710-99F4-9EB1450F5D1B}.Debug|Any CPU.ActiveCfg = Debug|Any CPU
		{2E363065-BAAA-4710-99F4-9EB1450F5D1B}.Debug|Any CPU.Build.0 = Debug|Any CPU
		{2E363065-BAAA-4710-99F4-9EB1450F5D1B}.Release|Any CPU.ActiveCfg = Release|Any CPU
		{2E363065-BAAA-4710-99F4-9EB1450F5D1B}.Release|Any CPU.Build.0 = Release|Any CPU
		{6E682D21-2E3D-41E2-BC41-0223173CA51C}.Debug|Any CPU.ActiveCfg = Debug|Any CPU
		{6E682D21-2E3D-41E2-BC41-0223173CA51C}.Debug|Any CPU.Build.0 = Debug|Any CPU
		{6E682D21-2E3D-41E2-BC41-0223173CA51C}.Release|Any CPU.ActiveCfg = Release|Any CPU
		{6E682D21-2E3D-41E2-BC41-0223173CA51C}.Release|Any CPU.Build.0 = Release|Any CPU
		{03E964B7-1589-4459-9002-2D40D52CC703}.Debug|Any CPU.ActiveCfg = Debug|Any CPU
		{03E964B7-1589-4459-9002-2D40D52CC703}.Debug|Any CPU.Build.0 = Debug|Any CPU
		{03E964B7-1589-4459-9002-2D40D52CC703}.Release|Any CPU.ActiveCfg = Release|Any CPU
		{03E964B7-1589-4459-9002-2D40D52CC703}.Release|Any CPU.Build.0 = Release|Any CPU
		{1D7D2F92-FC9D-4E0F-9868-1379515756BF}.Debug|Any CPU.ActiveCfg = Debug|Any CPU
		{1D7D2F92-FC9D-4E0F-9868-1379515756BF}.Debug|Any CPU.Build.0 = Debug|Any CPU
		{1D7D2F92-FC9D-4E0F-9868-1379515756BF}.Release|Any CPU.ActiveCfg = Release|Any CPU
		{1D7D2F92-FC9D-4E0F-9868-1379515756BF}.Release|Any CPU.Build.0 = Release|Any CPU
		{A2721B20-56AD-45EF-A6EB-411216602996}.Debug|Any CPU.ActiveCfg = Debug|Any CPU
		{A2721B20-56AD-45EF-A6EB-411216602996}.Debug|Any CPU.Build.0 = Debug|Any CPU
		{A2721B20-56AD-45EF-A6EB-411216602996}.Release|Any CPU.ActiveCfg = Release|Any CPU
		{A2721B20-56AD-45EF-A6EB-411216602996}.Release|Any CPU.Build.0 = Release|Any CPU
	EndGlobalSection
	GlobalSection(SolutionProperties) = preSolution
		HideSolutionNode = FALSE
	EndGlobalSection
	GlobalSection(NestedProjects) = preSolution
		{841A4C15-23BC-4433-9DF2-2FB114BAE789} = {3CCE0CD2-5174-42BB-B88C-F7F3AA098167}
		{B848600F-38F7-4099-9B09-83AEB4F4AF51} = {3CCE0CD2-5174-42BB-B88C-F7F3AA098167}
		{799F93F5-E785-41EE-80D0-DEB76D216A4C} = {3CCE0CD2-5174-42BB-B88C-F7F3AA098167}
		{4302B8E4-5E12-4700-8C3F-E931CDA3CB53} = {3CCE0CD2-5174-42BB-B88C-F7F3AA098167}
		{4D6AAA5D-4792-4F54-9471-2D2F2DABC0D5} = {3CCE0CD2-5174-42BB-B88C-F7F3AA098167}
		{4AC11669-134A-4EB3-BF95-F5262BE48C39} = {3CCE0CD2-5174-42BB-B88C-F7F3AA098167}
		{2E363065-BAAA-4710-99F4-9EB1450F5D1B} = {3CCE0CD2-5174-42BB-B88C-F7F3AA098167}
		{6E682D21-2E3D-41E2-BC41-0223173CA51C} = {3CCE0CD2-5174-42BB-B88C-F7F3AA098167}
		{03E964B7-1589-4459-9002-2D40D52CC703} = {3CCE0CD2-5174-42BB-B88C-F7F3AA098167}
		{1D7D2F92-FC9D-4E0F-9868-1379515756BF} = {3CCE0CD2-5174-42BB-B88C-F7F3AA098167}
		{A2721B20-56AD-45EF-A6EB-411216602996} = {3CCE0CD2-5174-42BB-B88C-F7F3AA098167}
	EndGlobalSection
	GlobalSection(ExtensibilityGlobals) = postSolution
		SolutionGuid = {DEBA3ECA-7BB0-4C6A-8053-483E8EBE6FD2}
	EndGlobalSection
EndGlobal
